
Microsoft Visual Studio Solution File, Format Version 12.00
# Visual Studio Version 17
VisualStudioVersion = 17.3.32811.315
MinimumVisualStudioVersion = 10.0.40219.1
Project("{FAE04EC0-301F-11D3-BF4B-00C04F79EFBC}") = "Copa2022", "Copa2022\Copa2022.csproj", "{771E82AA-E50D-475C-9240-A59AE92B73D9}"
EndProject
Global
	GlobalSection(SolutionConfigurationPlatforms) = preSolution
		Debug|Any CPU = Debug|Any CPU
		Release|Any CPU = Release|Any CPU
	EndGlobalSection
	GlobalSection(ProjectConfigurationPlatforms) = postSolution
		{771E82AA-E50D-475C-9240-A59AE92B73D9}.Debug|Any CPU.ActiveCfg = Debug|Any CPU
		{771E82AA-E50D-475C-9240-A59AE92B73D9}.Debug|Any CPU.Build.0 = Debug|Any CPU
		{771E82AA-E50D-475C-9240-A59AE92B73D9}.Release|Any CPU.ActiveCfg = Release|Any CPU
		{771E82AA-E50D-475C-9240-A59AE92B73D9}.Release|Any CPU.Build.0 = Release|Any CPU
	EndGlobalSection
	GlobalSection(SolutionProperties) = preSolution
		HideSolutionNode = FALSE
	EndGlobalSection
	GlobalSection(ExtensibilityGlobals) = postSolution
		SolutionGuid = {76FF90FE-C735-4AF2-8A11-7219A7096844}
	EndGlobalSection
EndGlobal
